github.com/joho/godotenv v1.5.1 h1:7eLL/+HRGLY0ldzfGMeQkb7vMd0as4CfYvUVzLqw0N0=
github.com/joho/godotenv v1.5.1/go.mod h1:f4LDr5Voq0i2e/R5DDNOoa2zzDfwtkZa6DnEwAbqwq4=
github.com/lib/pq v1.10.9 h1:YXG7RB+JIjhP29X+OtkiDnYaXQwpS4JEWq7dtCCRUEw=
github.com/lib/pq v1.10.9/go.mod h1:AlVN5x4E4T544tWzH6hKfbfQvm3HdbOxrmggDNAPY9o=
github.com/tom-draper/api-analytics/server/database v0.0.0-20230506133711-e3a2f42842bf h1:GV9iutcv9qUjpnfBAgL1ZNUfqFS4L4Tz5qL+UFXVtSs=
github.com/tom-draper/api-analytics/server/database v0.0.0-20230506133711-e3a2f42842bf/go.mod h1:lIn0A0F5ajpY441EygoGIrBsd5phUoLjCgtKimTSK/I=
github.com/tom-draper/api-analytics/server/email v0.0.0-20230506133711-e3a2f42842bf h1:RSjmfbsUzUIr4AT1McaoeTt/rtQn3JuGA7CqYHYryQU=
github.com/tom-draper/api-analytics/server/email v0.0.0-20230506133711-e3a2f42842bf/go.mod h1:OVOiclokr+iG+hkzATj1uEwuvvK0DggdVz5sYMYix2U=
github.com/tom-draper/api-analytics/server/tools/usage v0.0.0-20230506133711-e3a2f42842bf h1:AGAvsmiCb2u3Cda7li45CAYd0jbH9wTrYfcyF9iaNf4=
github.com/tom-draper/api-analytics/server/tools/usage v0.0.0-20230506133711-e3a2f42842bf/go.mod h1:7VeS0SScWRY46vhbJ82zljQ6SLnuCgvydismz/9ULcw=
golang.org/x/text v0.9.0 h1:2sjJmO8cDvYveuX97RDLsxlyUxLl+GHoLxBiRdHllBE=
golang.org/x/text v0.9.0/go.mod h1:e1OnstbJyHTd6l/uOt8jFFHp6TRDWZR/bV3emEE/zU8=
