github.com/joho/godotenv v1.5.1 h1:7eLL/+HRGLY0ldzfGMeQkb7vMd0as4CfYvUVzLqw0N0=
github.com/joho/godotenv v1.5.1/go.mod h1:f4LDr5Voq0i2e/R5DDNOoa2zzDfwtkZa6DnEwAbqwq4=
github.com/lib/pq v1.10.9 h1:YXG7RB+JIjhP29X+OtkiDnYaXQwpS4JEWq7dtCCRUEw=
github.com/lib/pq v1.10.9/go.mod h1:AlVN5x4E4T544tWzH6hKfbfQvm3HdbOxrmggDNAPY9o=
github.com/tom-draper/api-analytics v0.0.0-20230429154657-61ce3d7a0e6f h1:8c2T9wfjeOOc725PvS9CMZL/wKapCzK+CMly7sQw8pg=
github.com/tom-draper/api-analytics v0.0.0-20230429154657-61ce3d7a0e6f/go.mod h1:562mrEgVMWJiJNXEu819sW2upgc3rnPx3Wu5Ct+I1K4=
github.com/tom-draper/api-analytics v0.0.0-20230429160428-7d0902745ca6 h1:K+GjeREJMcpg6gH6MCcW4CD6i5i1Vbc8Wt8JVABtz0o=
github.com/tom-draper/api-analytics v0.0.0-20230429160428-7d0902745ca6/go.mod h1:562mrEgVMWJiJNXEu819sW2upgc3rnPx3Wu5Ct+I1K4=
github.com/tom-draper/api-analytics v0.0.0-20230429163926-0a9e6a16d2e5 h1:fqX4pb3b+YIj6/0Jyuxg0k420EQ2ic1OXrdB8TRxlFQ=
github.com/tom-draper/api-analytics v0.0.0-20230429163926-0a9e6a16d2e5/go.mod h1:562mrEgVMWJiJNXEu819sW2upgc3rnPx3Wu5Ct+I1K4=
github.com/tom-draper/api-analytics/server/email v0.0.0-20230429160428-7d0902745ca6 h1:ncztK4chw9Upybs8n4j+GRLB7HRWkuXweh0kKbvixlY=
github.com/tom-draper/api-analytics/server/email v0.0.0-20230429160428-7d0902745ca6/go.mod h1:OVOiclokr+iG+hkzATj1uEwuvvK0DggdVz5sYMYix2U=
github.com/tom-draper/api-analytics/server/email v0.0.0-20230429162039-02b44e7e4a0d h1:7nYGj5C3gtmkRMp6Td5Dmg8D3DsyXICuzE7gWqIoQq8=
github.com/tom-draper/api-analytics/server/email v0.0.0-20230429162039-02b44e7e4a0d/go.mod h1:OVOiclokr+iG+hkzATj1uEwuvvK0DggdVz5sYMYix2U=
github.com/tom-draper/api-analytics/server/tools/usage v0.0.0-20230429160428-7d0902745ca6 h1:vtTpIJdlmAxxeIjaEWnU1/CR8QjZIRM0Kt7zGCnYTTM=
github.com/tom-draper/api-analytics/server/tools/usage v0.0.0-20230429160428-7d0902745ca6/go.mod h1:TdpNH0FHzbX/aaCA9T0EXQ4+lp6MugGwXeA449wE2Ro=
github.com/tom-draper/api-analytics/server/tools/usage v0.0.0-20230429161730-0959e286fc9b h1:ZilgL56s+028CB/fUeMl4X2D7EUFcgavNSvNUU32vgw=
github.com/tom-draper/api-analytics/server/tools/usage v0.0.0-20230429161730-0959e286fc9b/go.mod h1:TdpNH0FHzbX/aaCA9T0EXQ4+lp6MugGwXeA449wE2Ro=
github.com/tom-draper/api-analytics/server/tools/usage v0.0.0-20230429162039-02b44e7e4a0d h1:FBfhSbbrupqPcGK4l/1cUHYq11tK41mxjGUzGBwj+zE=
github.com/tom-draper/api-analytics/server/tools/usage v0.0.0-20230429162039-02b44e7e4a0d/go.mod h1:TdpNH0FHzbX/aaCA9T0EXQ4+lp6MugGwXeA449wE2Ro=
github.com/tom-draper/api-analytics/server/tools/usage v0.0.0-20230429172143-cff385f5d3cd h1:ZPZrkQQ/d5SRk7uavlCWITV9yzFoSXOklWKcOtoH0K4=
github.com/tom-draper/api-analytics/server/tools/usage v0.0.0-20230429172143-cff385f5d3cd/go.mod h1:6lzafIVf2jk/ZnKWFX/O9U5EIyTHQx0wYCsBK9t8bPk=
