github.com/davecgh/go-spew v1.1.0/go.mod h1:J7Y8YcW2NihsgmVo/mv3lAwl/skON4iLHjSsI+c5H38=
github.com/jackc/pgpassfile v1.0.0 h1:/6Hmqy13Ss2zCq62VdNG8tM1wchn8zjSGOBJ6icpsIM=
github.com/jackc/pgpassfile v1.0.0/go.mod h1:CEx0iS5ambNFdcRtxPj5JhEz+xB6uRky5eyVu/W2HEg=
github.com/jackc/pgservicefile v0.0.0-20231201235250-de7065d80cb9 h1:L0QtFUgDarD7Fpv9jeVMgy/+Ec0mtnmYuImjTz6dtDA=
github.com/jackc/pgservicefile v0.0.0-20231201235250-de7065d80cb9/go.mod h1:5TJZWKEWniPve33vlWYSoGYefn3gLQRzjfDlhSJ9ZKM=
github.com/jackc/pgx/v5 v5.5.2 h1:iLlpgp4Cp/gC9Xuscl7lFL1PhhW+ZLtXZcrfCt4C3tA=
github.com/jackc/pgx/v5 v5.5.2/go.mod h1:ez9gk+OAat140fv9ErkZDYFWmXLfV+++K0uAOiwgm1A=
github.com/joho/godotenv v1.5.1 h1:7eLL/+HRGLY0ldzfGMeQkb7vMd0as4CfYvUVzLqw0N0=
github.com/joho/godotenv v1.5.1/go.mod h1:f4LDr5Voq0i2e/R5DDNOoa2zzDfwtkZa6DnEwAbqwq4=
github.com/lib/pq v1.10.9 h1:YXG7RB+JIjhP29X+OtkiDnYaXQwpS4JEWq7dtCCRUEw=
github.com/lib/pq v1.10.9/go.mod h1:AlVN5x4E4T544tWzH6hKfbfQvm3HdbOxrmggDNAPY9o=
github.com/pmezard/go-difflib v1.0.0/go.mod h1:iKH77koFhYxTK1pcRnkKkqfTogsbg7gZNVY4sRDYZ/4=
github.com/stretchr/objx v0.1.0/go.mod h1:HFkY916IF+rwdDfMAkV7OtwuqBVzrE8GR6GFx+wExME=
github.com/stretchr/testify v1.3.0/go.mod h1:M5WIy9Dh21IEIfnGCwXGc5bZfKNJtfHm1UVUgZn+9EI=
github.com/stretchr/testify v1.7.0/go.mod h1:6Fq8oRcR53rry900zMqJjRRixrwX3KX962/h/Wwjteg=
github.com/tom-draper/api-analytics/server/database v0.0.0-20230718222900-92b172f3e180 h1:2C1crenqNPXZ1pfyzB9XgyuJeeEt5T+lJKxjuw4Lu1U=
github.com/tom-draper/api-analytics/server/database v0.0.0-20230718222900-92b172f3e180/go.mod h1:SQTCdpxNLRUzwokeY71HA2+8YokbcpUOTjifQONW3oM=
github.com/tom-draper/api-analytics/server/database v0.0.0-20230826102106-451cf439fb26 h1:8pLGX0BLePJsr7iZLhovXSdCivpd12cz/8fde2QoIKE=
github.com/tom-draper/api-analytics/server/database v0.0.0-20230826102106-451cf439fb26/go.mod h1:SQTCdpxNLRUzwokeY71HA2+8YokbcpUOTjifQONW3oM=
github.com/tom-draper/api-analytics/server/database v0.0.0-20231006212801-bb65425a6248 h1:C+7kuUXOfliwS5TYVYU5kJ6TZIuqqyu+u6qzhPldLYw=
github.com/tom-draper/api-analytics/server/database v0.0.0-20231006212801-bb65425a6248/go.mod h1:SQTCdpxNLRUzwokeY71HA2+8YokbcpUOTjifQONW3oM=
github.com/tom-draper/api-analytics/server/database v0.0.0-20231201184624-1d747880090d h1:UekS/NPpKKiTJm4rpEzerL8eujg/GCROJ6cKDb2bgnw=
github.com/tom-draper/api-analytics/server/database v0.0.0-20231201184624-1d747880090d/go.mod h1:SQTCdpxNLRUzwokeY71HA2+8YokbcpUOTjifQONW3oM=
github.com/tom-draper/api-analytics/server/database v0.0.0-20240125183621-9b142186a937 h1:/DsbLqf1np+ug5konz4DH5nJxINS1WmE0bvathXiiqY=
github.com/tom-draper/api-analytics/server/database v0.0.0-20240125183621-9b142186a937/go.mod h1:l3k9xyPGyz2YXTpYLvq8eYAImG4RtE87RXJyDARBk20=
golang.org/x/crypto v0.18.0 h1:PGVlW0xEltQnzFZ55hkuX5+KLyrMYhHld1YHO4AKcdc=
golang.org/x/crypto v0.18.0/go.mod h1:R0j02AL6hcrfOiy9T4ZYp/rcWeMxM3L6QYxlOuEG1mg=
golang.org/x/text v0.14.0 h1:ScX5w1eTa3QqT8oi6+ziP7dTV1S2+ALU0bI+0zXKWiQ=
golang.org/x/text v0.14.0/go.mod h1:18ZOQIKpY8NJVqYksKHtTdi31H5itFRjB5/qKTNYzSU=
gopkg.in/check.v1 v0.0.0-20161208181325-20d25e280405/go.mod h1:Co6ibVJAznAaIkqp8huTwlJQCZ016jof/cbN4VW5Yz0=
gopkg.in/yaml.v3 v3.0.0-20200313102051-9f266ea9e77c/go.mod h1:K4uyk7z7BCEPqu6E+C64Yfv1cQ7kz7rIZviUmN+EgEM=
