github.com/joho/godotenv v1.5.1 h1:7eLL/+HRGLY0ldzfGMeQkb7vMd0as4CfYvUVzLqw0N0=
github.com/joho/godotenv v1.5.1/go.mod h1:f4LDr5Voq0i2e/R5DDNOoa2zzDfwtkZa6DnEwAbqwq4=
github.com/lib/pq v1.10.9 h1:YXG7RB+JIjhP29X+OtkiDnYaXQwpS4JEWq7dtCCRUEw=
github.com/lib/pq v1.10.9/go.mod h1:AlVN5x4E4T544tWzH6hKfbfQvm3HdbOxrmggDNAPY9o=
github.com/tom-draper/api-analytics/server/database v0.0.0-20230718222900-92b172f3e180 h1:2C1crenqNPXZ1pfyzB9XgyuJeeEt5T+lJKxjuw4Lu1U=
github.com/tom-draper/api-analytics/server/database v0.0.0-20230718222900-92b172f3e180/go.mod h1:SQTCdpxNLRUzwokeY71HA2+8YokbcpUOTjifQONW3oM=
github.com/tom-draper/api-analytics/server/database v0.0.0-20230826102106-451cf439fb26 h1:8pLGX0BLePJsr7iZLhovXSdCivpd12cz/8fde2QoIKE=
github.com/tom-draper/api-analytics/server/database v0.0.0-20230826102106-451cf439fb26/go.mod h1:SQTCdpxNLRUzwokeY71HA2+8YokbcpUOTjifQONW3oM=
github.com/tom-draper/api-analytics/server/database v0.0.0-20231006212801-bb65425a6248 h1:C+7kuUXOfliwS5TYVYU5kJ6TZIuqqyu+u6qzhPldLYw=
github.com/tom-draper/api-analytics/server/database v0.0.0-20231006212801-bb65425a6248/go.mod h1:SQTCdpxNLRUzwokeY71HA2+8YokbcpUOTjifQONW3oM=
github.com/tom-draper/api-analytics/server/database v0.0.0-20231201184624-1d747880090d h1:UekS/NPpKKiTJm4rpEzerL8eujg/GCROJ6cKDb2bgnw=
github.com/tom-draper/api-analytics/server/database v0.0.0-20231201184624-1d747880090d/go.mod h1:SQTCdpxNLRUzwokeY71HA2+8YokbcpUOTjifQONW3oM=
