github.com/fatih/color v1.15.0 h1:kOqh6YHBtK8aywxGerMG2Eq3H6Qgoqeo13Bk2Mv/nBs=
github.com/fatih/color v1.15.0/go.mod h1:0h5ZqXfHYED7Bhv2ZJamyIOUej9KtShiJESRwBDUSsw=
github.com/joho/godotenv v1.5.1 h1:7eLL/+HRGLY0ldzfGMeQkb7vMd0as4CfYvUVzLqw0N0=
github.com/joho/godotenv v1.5.1/go.mod h1:f4LDr5Voq0i2e/R5DDNOoa2zzDfwtkZa6DnEwAbqwq4=
github.com/lib/pq v1.10.9 h1:YXG7RB+JIjhP29X+OtkiDnYaXQwpS4JEWq7dtCCRUEw=
github.com/lib/pq v1.10.9/go.mod h1:AlVN5x4E4T544tWzH6hKfbfQvm3HdbOxrmggDNAPY9o=
github.com/mattn/go-colorable v0.1.13 h1:fFA4WZxdEF4tXPZVKMLwD8oUnCTTo08duU7wxecdEvA=
github.com/mattn/go-colorable v0.1.13/go.mod h1:7S9/ev0klgBDR4GtXTXX8a3vIGJpMovkB8vQcUbaXHg=
github.com/mattn/go-isatty v0.0.16/go.mod h1:kYGgaQfpe5nmfYZH+SKPsOc2e4SrIfOl2e/yFXSvRLM=
github.com/mattn/go-isatty v0.0.19 h1:JITubQf0MOLdlGRuRq+jtsDlekdYPia9ZFsB8h/APPA=
github.com/mattn/go-isatty v0.0.19/go.mod h1:W+V8PltTTMOvKvAeJH7IuucS94S2C6jfK/D7dTCTo3Y=
github.com/tom-draper/api-analytics/server/database v0.0.0-20230718222900-92b172f3e180 h1:2C1crenqNPXZ1pfyzB9XgyuJeeEt5T+lJKxjuw4Lu1U=
github.com/tom-draper/api-analytics/server/database v0.0.0-20230718222900-92b172f3e180/go.mod h1:SQTCdpxNLRUzwokeY71HA2+8YokbcpUOTjifQONW3oM=
github.com/tom-draper/api-analytics/server/database v0.0.0-20230826102106-451cf439fb26 h1:8pLGX0BLePJsr7iZLhovXSdCivpd12cz/8fde2QoIKE=
github.com/tom-draper/api-analytics/server/database v0.0.0-20230826102106-451cf439fb26/go.mod h1:SQTCdpxNLRUzwokeY71HA2+8YokbcpUOTjifQONW3oM=
github.com/tom-draper/api-analytics/server/database v0.0.0-20230826104618-95c71041cb62 h1:GsCX9o3feRvnO5ezeXI8ibPPjIsq0Tl+CD9n7vwar7U=
github.com/tom-draper/api-analytics/server/database v0.0.0-20230826104618-95c71041cb62/go.mod h1:SQTCdpxNLRUzwokeY71HA2+8YokbcpUOTjifQONW3oM=
github.com/tom-draper/api-analytics/server/database v0.0.0-20230914174801-162068a71070 h1:5ZsRsh66wNz8obJiiFDbElMSt/eOCerClWYGCI3UfMg=
github.com/tom-draper/api-analytics/server/database v0.0.0-20230914174801-162068a71070/go.mod h1:SQTCdpxNLRUzwokeY71HA2+8YokbcpUOTjifQONW3oM=
github.com/tom-draper/api-analytics/server/database v0.0.0-20231002190435-95664e54e2d0 h1:QnU9JiH5ddwsbDXZi3msmWkMCZheVDhbtIVhhudoH1Q=
github.com/tom-draper/api-analytics/server/database v0.0.0-20231002190435-95664e54e2d0/go.mod h1:SQTCdpxNLRUzwokeY71HA2+8YokbcpUOTjifQONW3oM=
golang.org/x/sys v0.0.0-20220811171246-fbc7d0a398ab/go.mod h1:oPkhp1MJrh7nUepCBck5+mAzfO9JrbApNNgaTdGDITg=
golang.org/x/sys v0.6.0/go.mod h1:oPkhp1MJrh7nUepCBck5+mAzfO9JrbApNNgaTdGDITg=
golang.org/x/sys v0.11.0 h1:eG7RXZHdqOJ1i+0lgLgCpSXAp6M3LYlAo6osgSi0xOM=
golang.org/x/sys v0.11.0/go.mod h1:oPkhp1MJrh7nUepCBck5+mAzfO9JrbApNNgaTdGDITg=
golang.org/x/sys v0.12.0 h1:CM0HF96J0hcLAwsHPJZjfdNzs0gftsLfgKt57wWHJ0o=
golang.org/x/sys v0.12.0/go.mod h1:oPkhp1MJrh7nUepCBck5+mAzfO9JrbApNNgaTdGDITg=
golang.org/x/sys v0.13.0 h1:Af8nKPmuFypiUBjVoU9V20FiaFXOcuZI21p0ycVYYGE=
golang.org/x/sys v0.13.0/go.mod h1:oPkhp1MJrh7nUepCBck5+mAzfO9JrbApNNgaTdGDITg=
golang.org/x/text v0.12.0 h1:k+n5B8goJNdU7hSvEtMUz3d1Q6D/XW4COJSJR6fN0mc=
golang.org/x/text v0.12.0/go.mod h1:TvPlkZtksWOMsz7fbANvkp4WM8x/WCo/om8BMLbz+aE=
golang.org/x/text v0.13.0 h1:ablQoSUd0tRdKxZewP80B+BaqeKJuVhuRxj/dkrun3k=
golang.org/x/text v0.13.0/go.mod h1:TvPlkZtksWOMsz7fbANvkp4WM8x/WCo/om8BMLbz+aE=
