github.com/joho/godotenv v1.5.1 h1:7eLL/+HRGLY0ldzfGMeQkb7vMd0as4CfYvUVzLqw0N0=
github.com/joho/godotenv v1.5.1/go.mod h1:f4LDr5Voq0i2e/R5DDNOoa2zzDfwtkZa6DnEwAbqwq4=
github.com/lib/pq v1.10.7 h1:p7ZhMD+KsSRozJr34udlUrhboJwWAgCg34+/ZZNvZZw=
github.com/lib/pq v1.10.7/go.mod h1:AlVN5x4E4T544tWzH6hKfbfQvm3HdbOxrmggDNAPY9o=
github.com/lib/pq v1.10.9 h1:YXG7RB+JIjhP29X+OtkiDnYaXQwpS4JEWq7dtCCRUEw=
github.com/lib/pq v1.10.9/go.mod h1:AlVN5x4E4T544tWzH6hKfbfQvm3HdbOxrmggDNAPY9o=
github.com/tom-draper/api-analytics v0.0.0-20230403183006-0fdf277fd397 h1:hJkXrtF7Y9MFwKuy4ZSDF71raeVCygHkxiTIc+a0cSE=
github.com/tom-draper/api-analytics v0.0.0-20230403183006-0fdf277fd397/go.mod h1:562mrEgVMWJiJNXEu819sW2upgc3rnPx3Wu5Ct+I1K4=
github.com/tom-draper/api-analytics v0.0.0-20230410181157-3cc55d695897 h1:7tr28VVvbrCVM0Q9hZDnpGT5HQV0UbWbT4fxTGQxs2k=
github.com/tom-draper/api-analytics v0.0.0-20230410181157-3cc55d695897/go.mod h1:562mrEgVMWJiJNXEu819sW2upgc3rnPx3Wu5Ct+I1K4=
github.com/tom-draper/api-analytics v0.0.0-20230429163926-0a9e6a16d2e5 h1:fqX4pb3b+YIj6/0Jyuxg0k420EQ2ic1OXrdB8TRxlFQ=
github.com/tom-draper/api-analytics v0.0.0-20230429163926-0a9e6a16d2e5/go.mod h1:562mrEgVMWJiJNXEu819sW2upgc3rnPx3Wu5Ct+I1K4=
github.com/tom-draper/api-analytics/server v0.0.0-20230401184040-f4fae106a6a7 h1:ifbRBl2OzOeZC348SYG+2lIZ1Mq0Y2QsnVtl1/JLXCs=
github.com/tom-draper/api-analytics/server v0.0.0-20230401184040-f4fae106a6a7/go.mod h1:gEaIJJxtUEVjsTfAo5aZ+pV/GVoiIOeBJqHHZT4f9qw=
github.com/tom-draper/api-analytics/server v0.0.0-20230401185346-c8804b86f8f7 h1:LuL8WDDZh/y0NTFovWjqQc/KgZHF1oxvx59WVHB83zA=
github.com/tom-draper/api-analytics/server v0.0.0-20230401185346-c8804b86f8f7/go.mod h1:gEaIJJxtUEVjsTfAo5aZ+pV/GVoiIOeBJqHHZT4f9qw=
