github.com/andybalholm/brotli v1.0.4 h1:V7DdXeJtZscaqfNuAdSRuRFzuiKlHSC/Zh3zl9qY3JY=
github.com/andybalholm/brotli v1.0.4/go.mod h1:fO7iG3H7G2nSZ7m0zPUDn85XEX2GTukHGRSepvi9Eig=
github.com/andybalholm/brotli v1.0.5 h1:8uQZIdzKmjc/iuPu7O2ioW48L81FgatrcpfFmiq/cCs=
github.com/andybalholm/brotli v1.0.5/go.mod h1:fO7iG3H7G2nSZ7m0zPUDn85XEX2GTukHGRSepvi9Eig=
github.com/gofiber/fiber/v2 v2.40.1 h1:pc7n9VVpGIqNsvg9IPLQhyFEMJL8gCs1kneH5D1pIl4=
github.com/gofiber/fiber/v2 v2.40.1/go.mod h1:Gko04sLksnHbzLSRBFWPFdzM9Ws9pRxvvIaohJK1dsk=
github.com/gofiber/fiber/v2 v2.41.0 h1:YhNoUS/OTjEz+/WLYuQ01xI7RXgKEFnGBKMagAu5f0M=
github.com/gofiber/fiber/v2 v2.41.0/go.mod h1:RdebcCuCRFp4W6hr3968/XxwJVg0K+jr9/Ae0PFzZ0Q=
github.com/gofiber/fiber/v2 v2.42.0 h1:Fnp7ybWvS+sjNQsFvkhf4G8OhXswvB6Vee8hM/LyS+8=
github.com/gofiber/fiber/v2 v2.42.0/go.mod h1:3+SGNjqMh5VQH5Vz2Wdi43zTIV16ktlFd3x3R6O1Zlc=
github.com/gofiber/fiber/v2 v2.43.0 h1:yit3E4kHf178B60p5CQBa/3v+WVuziWMa/G2ZNyLJB0=
github.com/gofiber/fiber/v2 v2.43.0/go.mod h1:mpS1ZNE5jU+u+BA4FbM+KKnUzJ4wzTK+FT2tG3tU+6I=
github.com/google/uuid v1.3.0 h1:t6JiXgmwXMjEs8VusXIJk2BXHsn+wx8BZdTaoZ5fu7I=
github.com/google/uuid v1.3.0/go.mod h1:TIyPZe4MgqvfeYDBFedMoGGpEw/LqOeaOT+nhxU+yHo=
github.com/joho/godotenv v1.4.0 h1:3l4+N6zfMWnkbPEXKng2o2/MR5mSwTrBih4ZEkkz1lg=
github.com/joho/godotenv v1.4.0/go.mod h1:f4LDr5Voq0i2e/R5DDNOoa2zzDfwtkZa6DnEwAbqwq4=
github.com/joho/godotenv v1.5.1 h1:7eLL/+HRGLY0ldzfGMeQkb7vMd0as4CfYvUVzLqw0N0=
github.com/joho/godotenv v1.5.1/go.mod h1:f4LDr5Voq0i2e/R5DDNOoa2zzDfwtkZa6DnEwAbqwq4=
github.com/klauspost/compress v1.15.9 h1:wKRjX6JRtDdrE9qwa4b/Cip7ACOshUI4smpCQanqjSY=
github.com/klauspost/compress v1.15.9/go.mod h1:PhcZ0MbTNciWF3rruxRgKxI5NkcHHrHUDtV4Yw2GlzU=
github.com/klauspost/compress v1.15.15 h1:EF27CXIuDsYJ6mmvtBRlEuB2UVOqHG1tAXgZ7yIO+lw=
github.com/klauspost/compress v1.15.15/go.mod h1:ZcK2JAFqKOpnBlxcLsJzYfrS9X1akm9fHZNnD9+Vo/4=
github.com/klauspost/compress v1.16.3 h1:XuJt9zzcnaz6a16/OU53ZjWp/v7/42WcR5t2a0PcNQY=
github.com/klauspost/compress v1.16.3/go.mod h1:ntbaceVETuRiXiv4DpjP66DpAtAGkEQskQzEyD//IeE=
github.com/mattn/go-colorable v0.1.13 h1:fFA4WZxdEF4tXPZVKMLwD8oUnCTTo08duU7wxecdEvA=
github.com/mattn/go-colorable v0.1.13/go.mod h1:7S9/ev0klgBDR4GtXTXX8a3vIGJpMovkB8vQcUbaXHg=
github.com/mattn/go-isatty v0.0.16 h1:bq3VjFmv/sOjHtdEhmkEV4x1AJtvUvOJ2PFAZ5+peKQ=
github.com/mattn/go-isatty v0.0.16/go.mod h1:kYGgaQfpe5nmfYZH+SKPsOc2e4SrIfOl2e/yFXSvRLM=
github.com/mattn/go-isatty v0.0.17 h1:BTarxUcIeDqL27Mc+vyvdWYSL28zpIhv3RoTdsLMPng=
github.com/mattn/go-isatty v0.0.17/go.mod h1:kYGgaQfpe5nmfYZH+SKPsOc2e4SrIfOl2e/yFXSvRLM=
github.com/mattn/go-isatty v0.0.18 h1:DOKFKCQ7FNG2L1rbrmstDN4QVRdS89Nkh85u68Uwp98=
github.com/mattn/go-isatty v0.0.18/go.mod h1:W+V8PltTTMOvKvAeJH7IuucS94S2C6jfK/D7dTCTo3Y=
github.com/mattn/go-runewidth v0.0.14 h1:+xnbZSEeDbOIg5/mE6JF0w6n9duR1l3/WmbinWVwUuU=
github.com/mattn/go-runewidth v0.0.14/go.mod h1:Jdepj2loyihRzMpdS35Xk/zdY8IAYHsh153qUoGf23w=
github.com/philhofer/fwd v1.1.1/go.mod h1:gk3iGcWd9+svBvR0sR+KPcfE+RNWozjowpeBVG3ZVNU=
github.com/philhofer/fwd v1.1.2 h1:bnDivRJ1EWPjUIRXV5KfORO897HTbpFAQddBdE8t7Gw=
github.com/philhofer/fwd v1.1.2/go.mod h1:qkPdfjR2SIEbspLqpe1tO4n5yICnr2DY7mqEx2tUTP0=
github.com/rivo/uniseg v0.2.0 h1:S1pD9weZBuJdFmowNwbpi7BJ8TNftyUImj/0WQi72jY=
github.com/rivo/uniseg v0.2.0/go.mod h1:J6wj4VEh+S6ZtnVlnTBMWIodfgj8LQOQFoIToxlJtxc=
github.com/rivo/uniseg v0.4.3 h1:utMvzDsuh3suAEnhH0RdHmoPbU648o6CvXxTx4SBMOw=
github.com/rivo/uniseg v0.4.3/go.mod h1:FN3SvrM+Zdj16jyLfmOkMNblXMcoc8DfTHruCPUcx88=
github.com/rivo/uniseg v0.4.4 h1:8TfxU8dW6PdqD27gjM8MVNuicgxIjxpm4K7x4jp8sis=
github.com/rivo/uniseg v0.4.4/go.mod h1:FN3SvrM+Zdj16jyLfmOkMNblXMcoc8DfTHruCPUcx88=
github.com/savsgio/dictpool v0.0.0-20221023140959-7bf2e61cea94 h1:rmMl4fXJhKMNWl+K+r/fq4FbbKI+Ia2m9hYBLm2h4G4=
github.com/savsgio/dictpool v0.0.0-20221023140959-7bf2e61cea94/go.mod h1:90zrgN3D/WJsDd1iXHT96alCoN2KJo6/4x1DZC3wZs8=
github.com/savsgio/gotils v0.0.0-20220530130905-52f3993e8d6d/go.mod h1:Gy+0tqhJvgGlqnTF8CVGP0AaGRjwBtXs/a5PA0Y3+A4=
github.com/savsgio/gotils v0.0.0-20230208104028-c358bd845dee h1:8Iv5m6xEo1NR1AvpV+7XmhI4r39LGNzwUL4YpMuL5vk=
github.com/savsgio/gotils v0.0.0-20230208104028-c358bd845dee/go.mod h1:qwtSXrKuJh/zsFQ12yEE89xfCrGKK63Rr7ctU/uCo4g=
github.com/tinylib/msgp v1.1.6/go.mod h1:75BAfg2hauQhs3qedfdDZmWAPcFMAvJE5b9rGOMufyw=
github.com/tinylib/msgp v1.1.8 h1:FCXC1xanKO4I8plpHGH2P7koL/RzZs12l/+r7vakfm0=
github.com/tinylib/msgp v1.1.8/go.mod h1:qkpG+2ldGg4xRFmx+jfTvZPxfGFhi64BcnL9vkCm/Tw=
github.com/tom-draper/api-analytics/analytics/go/core v0.0.0-20221128224654-2f9f7b444a77 h1:0vTDh07Jit2c76z12jLknH1/vQnMooqUawUOLmvEnt0=
github.com/tom-draper/api-analytics/analytics/go/core v0.0.0-20221128224654-2f9f7b444a77/go.mod h1:i4J5p6GM4Goswl0cgeJtkIIrYMw7F1xKCnDr4v4oUNk=
github.com/tom-draper/api-analytics/analytics/go/core v0.0.0-20230125170856-88b548a17808 h1:RId9+6V/lT2HJxXbHmmrN7V/pAAMUg19opXbSxHC2kE=
github.com/tom-draper/api-analytics/analytics/go/core v0.0.0-20230125170856-88b548a17808/go.mod h1:i4J5p6GM4Goswl0cgeJtkIIrYMw7F1xKCnDr4v4oUNk=
github.com/tom-draper/api-analytics/analytics/go/core v0.0.0-20230225124224-aef7c60cb790 h1:6RGA+7z5HPdTcEhbWyLTVoAQPQlyiwZFQ+oRHgoyUhE=
github.com/tom-draper/api-analytics/analytics/go/core v0.0.0-20230225124224-aef7c60cb790/go.mod h1:i4J5p6GM4Goswl0cgeJtkIIrYMw7F1xKCnDr4v4oUNk=
github.com/tom-draper/api-analytics/analytics/go/core v0.0.0-20230322115810-d1075a6f84cc h1:Q4FH0DzrFmf+nwxkQdvDbiY0hE0YDxZSH0wyq33ZAA0=
github.com/tom-draper/api-analytics/analytics/go/core v0.0.0-20230322115810-d1075a6f84cc/go.mod h1:i4J5p6GM4Goswl0cgeJtkIIrYMw7F1xKCnDr4v4oUNk=
github.com/tom-draper/api-analytics/analytics/go/core v0.0.0-20230401104045-77df2c67a6aa h1:3WIOwIBvh9TWMcZU8siaeMepZBVKhpKXJBgrE0hHwsU=
github.com/tom-draper/api-analytics/analytics/go/core v0.0.0-20230401104045-77df2c67a6aa/go.mod h1:i4J5p6GM4Goswl0cgeJtkIIrYMw7F1xKCnDr4v4oUNk=
github.com/tom-draper/api-analytics/analytics/go/core v0.0.0-20230401110237-dd88bf6c47e0 h1:Wp6ZRj9aikt04lkXYGRQsrtLgBsmLQ8ch8lf0DNl7/c=
github.com/tom-draper/api-analytics/analytics/go/core v0.0.0-20230401110237-dd88bf6c47e0/go.mod h1:i4J5p6GM4Goswl0cgeJtkIIrYMw7F1xKCnDr4v4oUNk=
github.com/tom-draper/api-analytics/analytics/go/core v0.0.0-20230402200101-05de4d2be675 h1:/5Y7g5D1+w8iHon8tGoXpazY6Y2cc0AlB+uRkwGX6Fc=
github.com/tom-draper/api-analytics/analytics/go/core v0.0.0-20230402200101-05de4d2be675/go.mod h1:i4J5p6GM4Goswl0cgeJtkIIrYMw7F1xKCnDr4v4oUNk=
github.com/tom-draper/api-analytics/analytics/go/fiber v0.0.0-20221129003252-67914cbaa199 h1:DHj236BFTO4zS+prsQMneHwfEjhfiqHJCEG0FuRh30k=
github.com/tom-draper/api-analytics/analytics/go/fiber v0.0.0-20221129003252-67914cbaa199/go.mod h1:WQrjl33x89S0p3yBQVc4lJCINwt6l4gJX9XmznKzWMU=
github.com/tom-draper/api-analytics/analytics/go/fiber v0.0.0-20230125170856-88b548a17808 h1:1e/YrMrZGP/hQ94QXbxP7ZQ/Q221DLfXLvqRCTsIXpg=
github.com/tom-draper/api-analytics/analytics/go/fiber v0.0.0-20230125170856-88b548a17808/go.mod h1:WQrjl33x89S0p3yBQVc4lJCINwt6l4gJX9XmznKzWMU=
github.com/tom-draper/api-analytics/analytics/go/fiber v0.0.0-20230225124845-6a24b584235b h1:vBqZxzn4tf6URblMZF7gdPLGEZWVqqkYgXsunKv4FWA=
github.com/tom-draper/api-analytics/analytics/go/fiber v0.0.0-20230225124845-6a24b584235b/go.mod h1:8siqgBDyteR8x9/pnV5TSIpZM7psiLXBO21TL+n0XC8=
github.com/tom-draper/api-analytics/analytics/go/fiber v0.0.0-20230322115810-d1075a6f84cc h1:65aXqTOU/YmGUBK4D0v1xxP8z09qMkNKX8suXAKE7Aw=
github.com/tom-draper/api-analytics/analytics/go/fiber v0.0.0-20230322115810-d1075a6f84cc/go.mod h1:8siqgBDyteR8x9/pnV5TSIpZM7psiLXBO21TL+n0XC8=
github.com/tom-draper/api-analytics/analytics/go/fiber v0.0.0-20230401105436-15d111b80d0a h1:o5irMhQYjxdCgGKwJds5uc2LyduGhkZ9CUzNEhH98F8=
github.com/tom-draper/api-analytics/analytics/go/fiber v0.0.0-20230401105436-15d111b80d0a/go.mod h1:SQ0PZXdta3dxdpqpVZG4V3tNty4ZSRS3GQS2BgOocrA=
github.com/tom-draper/api-analytics/analytics/go/fiber v0.0.0-20230402194446-3504b3b86065 h1:EWe54FNA3uF/yZo6om5to54IXZHlMTqyP4V8SKTtVGs=
github.com/tom-draper/api-analytics/analytics/go/fiber v0.0.0-20230402194446-3504b3b86065/go.mod h1:iE8tFS1UZIishouZcPsOPkOX+g/H09AknXoHXfF66DU=
github.com/tom-draper/api-analytics/analytics/go/fiber v0.0.0-20230402200431-e10095c3f6ff h1:GpkUicd2J3T+bunH9EjA6JcvVrP/5yVamwumSb+mvm0=
github.com/tom-draper/api-analytics/analytics/go/fiber v0.0.0-20230402200431-e10095c3f6ff/go.mod h1:OZVSkUL1GdeFPonIkx3tZsIl+YRWtp4PYfHK2zJOYnY=
github.com/tom-draper/api-analytics/analytics/go/fiber v0.0.0-20230402212045-ce2f2259bbc2 h1:vU6tSWcRwhPESsiVvarypuq08wmBGfG9/3Cxx47gbNo=
github.com/tom-draper/api-analytics/analytics/go/fiber v0.0.0-20230402212045-ce2f2259bbc2/go.mod h1:OZVSkUL1GdeFPonIkx3tZsIl+YRWtp4PYfHK2zJOYnY=
github.com/valyala/bytebufferpool v1.0.0 h1:GqA5TC/0021Y/b9FG4Oi9Mr3q7XYx6KllzawFIhcdPw=
github.com/valyala/bytebufferpool v1.0.0/go.mod h1:6bBcMArwyJ5K/AmCkWv1jt77kVWyCJ6HpOuEn7z0Csc=
github.com/valyala/fasthttp v1.41.0 h1:zeR0Z1my1wDHTRiamBCXVglQdbUwgb9uWG3k1HQz6jY=
github.com/valyala/fasthttp v1.41.0/go.mod h1:f6VbjjoI3z1NDOZOv17o6RvtRSWxC77seBFc2uWtgiY=
github.com/valyala/fasthttp v1.44.0 h1:R+gLUhldIsfg1HokMuQjdQ5bh9nuXHPIfvkYUu9eR5Q=
github.com/valyala/fasthttp v1.44.0/go.mod h1:f6VbjjoI3z1NDOZOv17o6RvtRSWxC77seBFc2uWtgiY=
github.com/valyala/fasthttp v1.45.0 h1:zPkkzpIn8tdHZUrVa6PzYd0i5verqiPSkgTd3bSUcpA=
github.com/valyala/fasthttp v1.45.0/go.mod h1:k2zXd82h/7UZc3VOdJ2WaUqt1uZ/XpXAfE9i+HBC3lA=
github.com/valyala/tcplisten v1.0.0 h1:rBHj/Xf+E1tRGZyWIWwJDiRY0zc1Js+CV5DqwacVSA8=
github.com/valyala/tcplisten v1.0.0/go.mod h1:T0xQ8SeCZGxckz9qRXTfG43PvQ/mcWh7FwZEA7Ioqkc=
github.com/yuin/goldmark v1.2.1/go.mod h1:3hX8gzYuyVAZsxl0MRgGTJEmQBFcNTphYh9decYSb74=
github.com/yuin/goldmark v1.4.13/go.mod h1:6yULJ656Px+3vBD8DxQVa3kxgyrAnzto9xy5taEt/CY=
golang.org/x/crypto v0.0.0-20190308221718-c2843e01d9a2/go.mod h1:djNgcEr1/C05ACkg1iLfiJU5Ep61QUkGW8qpdssI0+w=
golang.org/x/crypto v0.0.0-20191011191535-87dc89f01550/go.mod h1:yigFU9vqHzYiE8UmvKecakEJjdnWj3jj499lnFckfCI=
golang.org/x/crypto v0.0.0-20200622213623-75b288015ac9/go.mod h1:LzIPMQfyMNhhGPhUkYOs5KpL4U8rLKemX1yGLhDgUto=
golang.org/x/crypto v0.0.0-20210921155107-089bfa567519/go.mod h1:GvvjBRRGRdwPK5ydBHafDWAxML/pGHZbMvKqRZ5+Abc=
golang.org/x/crypto v0.0.0-20220214200702-86341886e292/go.mod h1:IxCIyHEi3zRg3s0A5j5BB6A9Jmi73HwBIUl50j+osU4=
golang.org/x/mod v0.3.0/go.mod h1:s0Qsj1ACt9ePp/hMypM3fl4fZqREWJwdYDEqhRiZZUA=
golang.org/x/mod v0.6.0-dev.0.20220419223038-86c51ed26bb4/go.mod h1:jJ57K6gSWd91VN4djpZkiMVwK6gcyfeH4XE8wZrZaV4=
golang.org/x/mod v0.7.0 h1:LapD9S96VoQRhi/GrNTqeBJFrUjs5UHCAtTlgwA5oZA=
golang.org/x/mod v0.7.0/go.mod h1:iBbtSCu2XBx23ZKBPSOrRkjjQPZFPuis4dIYUhu/chs=
golang.org/x/mod v0.9.0 h1:KENHtAZL2y3NLMYZeHY9DW8HW8V+kQyJsY/V9JlKvCs=
golang.org/x/mod v0.9.0/go.mod h1:iBbtSCu2XBx23ZKBPSOrRkjjQPZFPuis4dIYUhu/chs=
golang.org/x/net v0.0.0-20190404232315-eb5bcb51f2a3/go.mod h1:t9HGtf8HONx5eT2rtn7q6eTqICYqUVnKs3thJo3Qplg=
golang.org/x/net v0.0.0-20190620200207-3b0461eec859/go.mod h1:z5CRVTTTmAJ677TzLLGU+0bjPO0LkuOLi4/5GtJWs/s=
golang.org/x/net v0.0.0-20201021035429-f5854403a974/go.mod h1:sp8m0HH+o8qH0wwXwYZr8TS3Oi6o0r6Gce1SSxlDquU=
golang.org/x/net v0.0.0-20210226172049-e18ecbb05110/go.mod h1:m0MpNAwzfU5UDzcl9v0D8zg8gWTRqZa9RBIspLL5mdg=
golang.org/x/net v0.0.0-20211112202133-69e39bad7dc2/go.mod h1:9nx3DQGgdP8bBQD5qxJ1jj9UTztislL4KSBs9R2vV5Y=
golang.org/x/net v0.0.0-20220722155237-a158d28d115b/go.mod h1:XRhObCWvk6IyKnWLug+ECip1KBveYUHfp+8e9klMJ9c=
golang.org/x/net v0.0.0-20220906165146-f3363e06e74c/go.mod h1:YDH+HFinaLZZlnHAfSS6ZXJJ9M9t4Dl22yv3iI2vPwk=
golang.org/x/net v0.3.0/go.mod h1:MBQ8lrhLObU/6UmLb4fmbmk5OcyYmqtbGd/9yIeKjEE=
golang.org/x/sync v0.0.0-20190423024810-112230192c58/go.mod h1:RxMgew5VJxzue5/jJTE5uejpjVlOe/izrB70Jof72aM=
golang.org/x/sync v0.0.0-20201020160332-67f06af15bc9/go.mod h1:RxMgew5VJxzue5/jJTE5uejpjVlOe/izrB70Jof72aM=
golang.org/x/sync v0.0.0-20220722155255-886fb9371eb4/go.mod h1:RxMgew5VJxzue5/jJTE5uejpjVlOe/izrB70Jof72aM=
golang.org/x/sync v0.1.0/go.mod h1:RxMgew5VJxzue5/jJTE5uejpjVlOe/izrB70Jof72aM=
golang.org/x/sys v0.0.0-20190215142949-d0b11bdaac8a/go.mod h1:STP8DvDyc/dI5b8T5hshtkjS+E42TnysNCUPdjciGhY=
golang.org/x/sys v0.0.0-20190412213103-97732733099d/go.mod h1:h1NjWce9XRLGQEsW7wpKNCjG9DtNlClVuFLEZdDNbEs=
golang.org/x/sys v0.0.0-20200930185726-fdedc70b468f/go.mod h1:h1NjWce9XRLGQEsW7wpKNCjG9DtNlClVuFLEZdDNbEs=
golang.org/x/sys v0.0.0-20201119102817-f84b799fce68/go.mod h1:h1NjWce9XRLGQEsW7wpKNCjG9DtNlClVuFLEZdDNbEs=
golang.org/x/sys v0.0.0-20210423082822-04245dca01da/go.mod h1:h1NjWce9XRLGQEsW7wpKNCjG9DtNlClVuFLEZdDNbEs=
golang.org/x/sys v0.0.0-20210615035016-665e8c7367d1/go.mod h1:oPkhp1MJrh7nUepCBck5+mAzfO9JrbApNNgaTdGDITg=
golang.org/x/sys v0.0.0-20220520151302-bc2c85ada10a/go.mod h1:oPkhp1MJrh7nUepCBck5+mAzfO9JrbApNNgaTdGDITg=
golang.org/x/sys v0.0.0-20220722155257-8c9f86f7a55f/go.mod h1:oPkhp1MJrh7nUepCBck5+mAzfO9JrbApNNgaTdGDITg=
golang.org/x/sys v0.0.0-20220728004956-3c1f35247d10/go.mod h1:oPkhp1MJrh7nUepCBck5+mAzfO9JrbApNNgaTdGDITg=
golang.org/x/sys v0.0.0-20220811171246-fbc7d0a398ab h1:2QkjZIsXupsJbJIdSjjUOgWK3aEtzyuh2mPt3l/CkeU=
golang.org/x/sys v0.0.0-20220811171246-fbc7d0a398ab/go.mod h1:oPkhp1MJrh7nUepCBck5+mAzfO9JrbApNNgaTdGDITg=
golang.org/x/sys v0.3.0/go.mod h1:oPkhp1MJrh7nUepCBck5+mAzfO9JrbApNNgaTdGDITg=
golang.org/x/sys v0.4.0 h1:Zr2JFtRQNX3BCZ8YtxRE9hNJYC8J6I1MVbMg6owUp18=
golang.org/x/sys v0.4.0/go.mod h1:oPkhp1MJrh7nUepCBck5+mAzfO9JrbApNNgaTdGDITg=
golang.org/x/sys v0.5.0 h1:MUK/U/4lj1t1oPg0HfuXDN/Z1wv31ZJ/YcPiGccS4DU=
golang.org/x/sys v0.5.0/go.mod h1:oPkhp1MJrh7nUepCBck5+mAzfO9JrbApNNgaTdGDITg=
golang.org/x/sys v0.6.0 h1:MVltZSvRTcU2ljQOhs94SXPftV6DCNnZViHeQps87pQ=
golang.org/x/sys v0.6.0/go.mod h1:oPkhp1MJrh7nUepCBck5+mAzfO9JrbApNNgaTdGDITg=
golang.org/x/term v0.0.0-20201126162022-7de9c90e9dd1/go.mod h1:bj7SfCRtBDWHUb9snDiAeCFNEtKQo2Wmx5Cou7ajbmo=
golang.org/x/term v0.0.0-20210927222741-03fcf44c2211/go.mod h1:jbD1KX2456YbFQfuXm/mYQcufACuNUgVhRMnK/tPxf8=
golang.org/x/term v0.3.0/go.mod h1:q750SLmJuPmVoN1blW3UFBPREJfb1KmY3vwxfr+nFDA=
golang.org/x/text v0.3.0/go.mod h1:NqM8EUOU14njkJ3fqMW+pc6Ldnwhi/IjpwHt7yyuwOQ=
golang.org/x/text v0.3.3/go.mod h1:5Zoc/QRtKVWzQhOtBMvqHzDpF6irO9z98xDceosuGiQ=
golang.org/x/text v0.3.6/go.mod h1:5Zoc/QRtKVWzQhOtBMvqHzDpF6irO9z98xDceosuGiQ=
golang.org/x/text v0.3.7/go.mod h1:u+2+/6zg+i71rQMx5EYifcz6MCKuco9NR6JIITiCfzQ=
golang.org/x/text v0.5.0/go.mod h1:mrYo+phRRbMaCq/xk9113O4dZlRixOauAjOtrjsXDZ8=
golang.org/x/tools v0.0.0-20180917221912-90fa682c2a6e/go.mod h1:n7NCudcB/nEzxVGmLbDWY5pfWTLqBcC2KZ6jyYvM4mQ=
golang.org/x/tools v0.0.0-20191119224855-298f0cb1881e/go.mod h1:b+2E5dAYhXwXZwtnZ6UAqBI28+e2cm9otk0dWdXHAEo=
golang.org/x/tools v0.0.0-20201022035929-9cf592e881e9/go.mod h1:emZCQorbCU4vsT4fOWvOPXz4eW1wZW4PmDk9uLelYpA=
golang.org/x/tools v0.1.12/go.mod h1:hNGJHUnrk76NpqgfD5Aqm5Crs+Hm0VOH/i9J2+nxYbc=
golang.org/x/tools v0.4.0 h1:7mTAgkunk3fr4GAloyyCasadO6h9zSsQZbwvcaIciV4=
golang.org/x/tools v0.4.0/go.mod h1:UE5sM2OK9E/d67R0ANs2xJizIymRP5gJU295PvKXxjQ=
golang.org/x/tools v0.7.0 h1:W4OVu8VVOaIO0yzWMNdepAulS7YfoS3Zabrm8DOXXU4=
golang.org/x/tools v0.7.0/go.mod h1:4pg6aUX35JBAogB10C9AtvVL+qowtN4pT3CGSQex14s=
golang.org/x/xerrors v0.0.0-20190717185122-a985d3407aa7/go.mod h1:I/5z698sn9Ka8TeJc9MKroUUfqBBauWjQqLJ2OPfmY0=
golang.org/x/xerrors v0.0.0-20191011141410-1b5146add898/go.mod h1:I/5z698sn9Ka8TeJc9MKroUUfqBBauWjQqLJ2OPfmY0=
golang.org/x/xerrors v0.0.0-20200804184101-5ec99f83aff1/go.mod h1:I/5z698sn9Ka8TeJc9MKroUUfqBBauWjQqLJ2OPfmY0=
