github.com/joho/godotenv v1.5.1 h1:7eLL/+HRGLY0ldzfGMeQkb7vMd0as4CfYvUVzLqw0N0=
github.com/joho/godotenv v1.5.1/go.mod h1:f4LDr5Voq0i2e/R5DDNOoa2zzDfwtkZa6DnEwAbqwq4=
github.com/lib/pq v1.10.9 h1:YXG7RB+JIjhP29X+OtkiDnYaXQwpS4JEWq7dtCCRUEw=
github.com/lib/pq v1.10.9/go.mod h1:AlVN5x4E4T544tWzH6hKfbfQvm3HdbOxrmggDNAPY9o=
github.com/tom-draper/api-analytics/server/database v0.0.0-20230511162938-ca7f8adc009d h1:W7NZp5bbN1omOB9dzTCeWYzOtXF+10LB0XvhlPch8mw=
github.com/tom-draper/api-analytics/server/database v0.0.0-20230511162938-ca7f8adc009d/go.mod h1:lIn0A0F5ajpY441EygoGIrBsd5phUoLjCgtKimTSK/I=
github.com/tom-draper/api-analytics/server/database v0.0.0-20230515200645-ecd73440f89d h1:Z4ctGnXnntOCVxR7WZQpd580Hjeq9mnGk7DayS8gV3c=
github.com/tom-draper/api-analytics/server/database v0.0.0-20230515200645-ecd73440f89d/go.mod h1:SQTCdpxNLRUzwokeY71HA2+8YokbcpUOTjifQONW3oM=
github.com/tom-draper/api-analytics/server/database v0.0.0-20230516191941-6b7915597435 h1:HoZCTIKtert0SbdUqsfDF/fcP4i2maKneeAWvWK6Ado=
github.com/tom-draper/api-analytics/server/database v0.0.0-20230516191941-6b7915597435/go.mod h1:SQTCdpxNLRUzwokeY71HA2+8YokbcpUOTjifQONW3oM=
