github.com/joho/godotenv v1.5.1 h1:7eLL/+HRGLY0ldzfGMeQkb7vMd0as4CfYvUVzLqw0N0=
github.com/joho/godotenv v1.5.1/go.mod h1:f4LDr5Voq0i2e/R5DDNOoa2zzDfwtkZa6DnEwAbqwq4=
github.com/lib/pq v1.10.9 h1:YXG7RB+JIjhP29X+OtkiDnYaXQwpS4JEWq7dtCCRUEw=
github.com/lib/pq v1.10.9/go.mod h1:AlVN5x4E4T544tWzH6hKfbfQvm3HdbOxrmggDNAPY9o=
github.com/tom-draper/api-analytics/server/database v0.0.0-20230718222900-92b172f3e180 h1:2C1crenqNPXZ1pfyzB9XgyuJeeEt5T+lJKxjuw4Lu1U=
github.com/tom-draper/api-analytics/server/database v0.0.0-20230718222900-92b172f3e180/go.mod h1:SQTCdpxNLRUzwokeY71HA2+8YokbcpUOTjifQONW3oM=
github.com/tom-draper/api-analytics/server/email v0.0.0-20230718222900-92b172f3e180 h1:8y/rLfvwuxpjDWzbC2uuWBgJDB/7y1OgRBS0Kj/ll1A=
github.com/tom-draper/api-analytics/server/email v0.0.0-20230718222900-92b172f3e180/go.mod h1:OVOiclokr+iG+hkzATj1uEwuvvK0DggdVz5sYMYix2U=
