github.com/joho/godotenv v1.5.1 h1:7eLL/+HRGLY0ldzfGMeQkb7vMd0as4CfYvUVzLqw0N0=
github.com/joho/godotenv v1.5.1/go.mod h1:f4LDr5Voq0i2e/R5DDNOoa2zzDfwtkZa6DnEwAbqwq4=
github.com/lib/pq v1.10.9 h1:YXG7RB+JIjhP29X+OtkiDnYaXQwpS4JEWq7dtCCRUEw=
github.com/lib/pq v1.10.9/go.mod h1:AlVN5x4E4T544tWzH6hKfbfQvm3HdbOxrmggDNAPY9o=
github.com/tom-draper/api-analytics/server/database v0.0.0-20230826104618-95c71041cb62 h1:GsCX9o3feRvnO5ezeXI8ibPPjIsq0Tl+CD9n7vwar7U=
github.com/tom-draper/api-analytics/server/database v0.0.0-20230826104618-95c71041cb62/go.mod h1:SQTCdpxNLRUzwokeY71HA2+8YokbcpUOTjifQONW3oM=
github.com/tom-draper/api-analytics/server/database v0.0.0-20231006212801-bb65425a6248 h1:C+7kuUXOfliwS5TYVYU5kJ6TZIuqqyu+u6qzhPldLYw=
github.com/tom-draper/api-analytics/server/database v0.0.0-20231006212801-bb65425a6248/go.mod h1:SQTCdpxNLRUzwokeY71HA2+8YokbcpUOTjifQONW3oM=
github.com/tom-draper/api-analytics/server/email v0.0.0-20230826104618-95c71041cb62 h1:+uvdHr2+BmUdoY0eODPbhJeUqx1MIzc963/Ylu8zWY8=
github.com/tom-draper/api-analytics/server/email v0.0.0-20230826104618-95c71041cb62/go.mod h1:OVOiclokr+iG+hkzATj1uEwuvvK0DggdVz5sYMYix2U=
github.com/tom-draper/api-analytics/server/email v0.0.0-20231006213552-b9c9537b7bfd h1:nYj6ECktoO7T3llwbV3VuPkCDlJA4t+q7QdQipiWUv8=
github.com/tom-draper/api-analytics/server/email v0.0.0-20231006213552-b9c9537b7bfd/go.mod h1:OVOiclokr+iG+hkzATj1uEwuvvK0DggdVz5sYMYix2U=
