github.com/fatih/color v1.15.0 h1:kOqh6YHBtK8aywxGerMG2Eq3H6Qgoqeo13Bk2Mv/nBs=
github.com/fatih/color v1.15.0/go.mod h1:0h5ZqXfHYED7Bhv2ZJamyIOUej9KtShiJESRwBDUSsw=
github.com/joho/godotenv v1.5.1 h1:7eLL/+HRGLY0ldzfGMeQkb7vMd0as4CfYvUVzLqw0N0=
github.com/joho/godotenv v1.5.1/go.mod h1:f4LDr5Voq0i2e/R5DDNOoa2zzDfwtkZa6DnEwAbqwq4=
github.com/lib/pq v1.10.9 h1:YXG7RB+JIjhP29X+OtkiDnYaXQwpS4JEWq7dtCCRUEw=
github.com/lib/pq v1.10.9/go.mod h1:AlVN5x4E4T544tWzH6hKfbfQvm3HdbOxrmggDNAPY9o=
github.com/mattn/go-colorable v0.1.13 h1:fFA4WZxdEF4tXPZVKMLwD8oUnCTTo08duU7wxecdEvA=
github.com/mattn/go-colorable v0.1.13/go.mod h1:7S9/ev0klgBDR4GtXTXX8a3vIGJpMovkB8vQcUbaXHg=
github.com/mattn/go-isatty v0.0.16/go.mod h1:kYGgaQfpe5nmfYZH+SKPsOc2e4SrIfOl2e/yFXSvRLM=
github.com/mattn/go-isatty v0.0.18 h1:DOKFKCQ7FNG2L1rbrmstDN4QVRdS89Nkh85u68Uwp98=
github.com/mattn/go-isatty v0.0.18/go.mod h1:W+V8PltTTMOvKvAeJH7IuucS94S2C6jfK/D7dTCTo3Y=
github.com/mattn/go-isatty v0.0.19 h1:JITubQf0MOLdlGRuRq+jtsDlekdYPia9ZFsB8h/APPA=
github.com/mattn/go-isatty v0.0.19/go.mod h1:W+V8PltTTMOvKvAeJH7IuucS94S2C6jfK/D7dTCTo3Y=
github.com/tom-draper/api-analytics v0.0.0-20230516191941-6b7915597435 h1:0Zw3r0U5Dz4p5zBVdWtmQ6rVRxefCgcQDNlvGdjt2hM=
github.com/tom-draper/api-analytics v0.0.0-20230516191941-6b7915597435/go.mod h1:562mrEgVMWJiJNXEu819sW2upgc3rnPx3Wu5Ct+I1K4=
github.com/tom-draper/api-analytics/server/database v0.0.0-20230511203826-9b91dfbe6649 h1:KoHSBXCwpHTb2knNJjnlZlmWgQBYZLf7bgOZeBPf4b8=
github.com/tom-draper/api-analytics/server/database v0.0.0-20230511203826-9b91dfbe6649/go.mod h1:SQTCdpxNLRUzwokeY71HA2+8YokbcpUOTjifQONW3oM=
github.com/tom-draper/api-analytics/server/database v0.0.0-20230515200645-ecd73440f89d h1:Z4ctGnXnntOCVxR7WZQpd580Hjeq9mnGk7DayS8gV3c=
github.com/tom-draper/api-analytics/server/database v0.0.0-20230515200645-ecd73440f89d/go.mod h1:SQTCdpxNLRUzwokeY71HA2+8YokbcpUOTjifQONW3oM=
github.com/tom-draper/api-analytics/server/database v0.0.0-20230516191941-6b7915597435 h1:HoZCTIKtert0SbdUqsfDF/fcP4i2maKneeAWvWK6Ado=
github.com/tom-draper/api-analytics/server/database v0.0.0-20230516191941-6b7915597435/go.mod h1:SQTCdpxNLRUzwokeY71HA2+8YokbcpUOTjifQONW3oM=
github.com/tom-draper/api-analytics/server/database v0.0.0-20230718222900-92b172f3e180 h1:2C1crenqNPXZ1pfyzB9XgyuJeeEt5T+lJKxjuw4Lu1U=
github.com/tom-draper/api-analytics/server/database v0.0.0-20230718222900-92b172f3e180/go.mod h1:SQTCdpxNLRUzwokeY71HA2+8YokbcpUOTjifQONW3oM=
github.com/tom-draper/api-analytics/server/email v0.0.0-20230513111736-ebb638f14027 h1:fLXQ013bn1HN5xc7ldBeNy5rGIRTD7XgHAYIv4dSzM8=
github.com/tom-draper/api-analytics/server/email v0.0.0-20230513111736-ebb638f14027/go.mod h1:OVOiclokr+iG+hkzATj1uEwuvvK0DggdVz5sYMYix2U=
github.com/tom-draper/api-analytics/server/email v0.0.0-20230515200645-ecd73440f89d h1:K/zyC+8wOvrVxHvSR0jiGauzEsEWKsW8ayzJj4TzZak=
github.com/tom-draper/api-analytics/server/email v0.0.0-20230515200645-ecd73440f89d/go.mod h1:OVOiclokr+iG+hkzATj1uEwuvvK0DggdVz5sYMYix2U=
github.com/tom-draper/api-analytics/server/email v0.0.0-20230516191941-6b7915597435 h1:yGmvvNzVEzizvqDOJQBrMWGBiiCmG2AwWmS9JXTBvug=
github.com/tom-draper/api-analytics/server/email v0.0.0-20230516191941-6b7915597435/go.mod h1:OVOiclokr+iG+hkzATj1uEwuvvK0DggdVz5sYMYix2U=
github.com/tom-draper/api-analytics/server/email v0.0.0-20230718222900-92b172f3e180 h1:8y/rLfvwuxpjDWzbC2uuWBgJDB/7y1OgRBS0Kj/ll1A=
github.com/tom-draper/api-analytics/server/email v0.0.0-20230718222900-92b172f3e180/go.mod h1:OVOiclokr+iG+hkzATj1uEwuvvK0DggdVz5sYMYix2U=
github.com/tom-draper/api-analytics/server/tools/monitor v0.0.0-20230513112039-fdf40b92e97a h1:an3VwtT12MoZsto0eX9e0l5AgLygnBAxfweWtRlZMko=
github.com/tom-draper/api-analytics/server/tools/monitor v0.0.0-20230513112039-fdf40b92e97a/go.mod h1:a0k3I8r5GOUpFQJ8WjJeo0VWKieyavelFbipQF+aUpQ=
github.com/tom-draper/api-analytics/server/tools/monitor v0.0.0-20230513112956-576267a533c0 h1:Y39IEy/h27jbi6vFrKJEyp6vWqUFjIqqnMfoffLUFgo=
github.com/tom-draper/api-analytics/server/tools/monitor v0.0.0-20230513112956-576267a533c0/go.mod h1:XnMz+6GYSfTi+ThUE0orc10AaGQs3H2yTIs/dg3+GfM=
github.com/tom-draper/api-analytics/server/tools/monitor v0.0.0-20230515200645-ecd73440f89d h1:wysWoQjAaE8nF+g8ZLopAQ8rrW+q3zZDt6Dh4fzsmiw=
github.com/tom-draper/api-analytics/server/tools/monitor v0.0.0-20230515200645-ecd73440f89d/go.mod h1:bpD6bevGpZNxrk1+fHj0yJdX9X+La2W9YNw8+6uG0i8=
github.com/tom-draper/api-analytics/server/tools/monitor v0.0.0-20230516191941-6b7915597435 h1:4z4+5TB2pEDp8uaJq0ruikNuratBl9gyJxR6i1mhzGo=
github.com/tom-draper/api-analytics/server/tools/monitor v0.0.0-20230516191941-6b7915597435/go.mod h1:bpD6bevGpZNxrk1+fHj0yJdX9X+La2W9YNw8+6uG0i8=
github.com/tom-draper/api-analytics/server/tools/monitor v0.0.0-20230718222900-92b172f3e180 h1:/U27HdpFPEbezZ4sXJVWH2E6DdjR7hukGD9hqaRQPuM=
github.com/tom-draper/api-analytics/server/tools/monitor v0.0.0-20230718222900-92b172f3e180/go.mod h1:DXkDmmNqyhIPgq90NU+KKCro+/p2HcpS3u7WzFifQZE=
github.com/tom-draper/api-analytics/server/tools/usage v0.0.0-20230511203826-9b91dfbe6649 h1:R+0tbatrDC4trK5YPceKzLEs9gMiwoeUBugVSKXbak4=
github.com/tom-draper/api-analytics/server/tools/usage v0.0.0-20230511203826-9b91dfbe6649/go.mod h1:Lhr1hYyrGJ/QbBholJa4bSzqaaASAGC6f3Hq1Ci9Tz4=
github.com/tom-draper/api-analytics/server/tools/usage v0.0.0-20230515200645-ecd73440f89d h1:YdqfStTNAADjVNMa0HJuNjTkLEcmMqfSanJr10Sq3xQ=
github.com/tom-draper/api-analytics/server/tools/usage v0.0.0-20230515200645-ecd73440f89d/go.mod h1:LMU38EIobedwzs6gLX/lNNctvZTwaTqqbxMKUMGdxmY=
github.com/tom-draper/api-analytics/server/tools/usage v0.0.0-20230516191941-6b7915597435 h1:ouBnOB/KkhhqhyUJSS1+0QdtAwC1OWoO02cxe345OdM=
github.com/tom-draper/api-analytics/server/tools/usage v0.0.0-20230516191941-6b7915597435/go.mod h1:LMU38EIobedwzs6gLX/lNNctvZTwaTqqbxMKUMGdxmY=
github.com/tom-draper/api-analytics/server/tools/usage v0.0.0-20230718222900-92b172f3e180 h1:/hhcIgZd+wYZ4tZ2LDag0BvZ9I9TqdhwZ8/vhsCs5MU=
github.com/tom-draper/api-analytics/server/tools/usage v0.0.0-20230718222900-92b172f3e180/go.mod h1:uuhZgELEpplnMMpBOP3eTzznXzmU1WocBQVy6lubolQ=
golang.org/x/sys v0.0.0-20220811171246-fbc7d0a398ab/go.mod h1:oPkhp1MJrh7nUepCBck5+mAzfO9JrbApNNgaTdGDITg=
golang.org/x/sys v0.6.0/go.mod h1:oPkhp1MJrh7nUepCBck5+mAzfO9JrbApNNgaTdGDITg=
golang.org/x/sys v0.8.0 h1:EBmGv8NaZBZTWvrbjNoL6HVt+IVy3QDQpJs7VRIw3tU=
golang.org/x/sys v0.8.0/go.mod h1:oPkhp1MJrh7nUepCBck5+mAzfO9JrbApNNgaTdGDITg=
golang.org/x/sys v0.11.0 h1:eG7RXZHdqOJ1i+0lgLgCpSXAp6M3LYlAo6osgSi0xOM=
golang.org/x/sys v0.11.0/go.mod h1:oPkhp1MJrh7nUepCBck5+mAzfO9JrbApNNgaTdGDITg=
golang.org/x/text v0.9.0 h1:2sjJmO8cDvYveuX97RDLsxlyUxLl+GHoLxBiRdHllBE=
golang.org/x/text v0.9.0/go.mod h1:e1OnstbJyHTd6l/uOt8jFFHp6TRDWZR/bV3emEE/zU8=
golang.org/x/text v0.12.0 h1:k+n5B8goJNdU7hSvEtMUz3d1Q6D/XW4COJSJR6fN0mc=
golang.org/x/text v0.12.0/go.mod h1:TvPlkZtksWOMsz7fbANvkp4WM8x/WCo/om8BMLbz+aE=
